
Microsoft Visual Studio Solution File, Format Version 12.00
# Visual Studio Version 17
VisualStudioVersion = 17.13.35806.99 d17.13
MinimumVisualStudioVersion = 10.0.40219.1
Project("{FAE04EC0-301F-11D3-BF4B-00C04F79EFBC}") = "MediatRPattern", "MediatRPattern\MediatRPattern.csproj", "{D727761C-B915-4F83-A19D-4209127CDE8D}"
EndProject
Global
	GlobalSection(SolutionConfigurationPlatforms) = preSolution
		Debug|Any CPU = Debug|Any CPU
		Release|Any CPU = Release|Any CPU
	EndGlobalSection
	GlobalSection(ProjectConfigurationPlatforms) = postSolution
		{D727761C-B915-4F83-A19D-4209127CDE8D}.Debug|Any CPU.ActiveCfg = Debug|Any CPU
		{D727761C-B915-4F83-A19D-4209127CDE8D}.Debug|Any CPU.Build.0 = Debug|Any CPU
		{D727761C-B915-4F83-A19D-4209127CDE8D}.Release|Any CPU.ActiveCfg = Release|Any CPU
		{D727761C-B915-4F83-A19D-4209127CDE8D}.Release|Any CPU.Build.0 = Release|Any CPU
	EndGlobalSection
	GlobalSection(SolutionProperties) = preSolution
		HideSolutionNode = FALSE
	EndGlobalSection
	GlobalSection(ExtensibilityGlobals) = postSolution
		SolutionGuid = {2A77C4D7-757E-49B1-AA48-6DEBCD0218B9}
	EndGlobalSection
EndGlobal
